<Solution>
  <Folder Name="/src/">
    <Project Path="src/Blazma.Agent/Blazma.Agent.csproj" />
    <Project Path="src/Blazma.Analysis/Blazma.Analysis.csproj" />
    <Project Path="src/Blazma.App/Blazma.App.csproj" />
    <Project Path="src/Blazma.Contracts/Blazma.Contracts.csproj" />
    <Project Path="src/Blazma.Core/Blazma.Core.csproj" />
    <Project Path="src/Blazma.Intelligence/Blazma.Intelligence.csproj" />
    <Project Path="src/Blazma.Reporting/Blazma.Reporting.csproj" />
    <Project Path="src/Blazma.Sandbox/Blazma.Sandbox.csproj" />
    <Project Path="src/Blazma.Storage/Blazma.Storage.csproj" />
  </Folder>
  <Folder Name="/tests/">
    <Project Path="tests/Blazma.Analysis.Tests/Blazma.Analysis.Tests.csproj" />
    <Project Path="tests/Blazma.App.Tests/Blazma.App.Tests.csproj" />
    <Project Path="tests/Blazma.Intelligence.Tests/Blazma.Intelligence.Tests.csproj" />
    <Project Path="tests/Blazma.Integration.Tests/Blazma.Integration.Tests.csproj" />
    <Project Path="tests/Blazma.Sandbox.Tests/Blazma.Sandbox.Tests.csproj" />
  </Folder>
  <Folder Name="/tools/">
    <Project Path="tools/Blazma.Screenshots/Blazma.Screenshots.csproj" />
  </Folder>
</Solution>
